
Microsoft Visual Studio Solution File, Format Version 12.00
# Visual Studio Version 16
VisualStudioVersion = 16.0.30523.141
MinimumVisualStudioVersion = 10.0.40219.1
Project("{FAE04EC0-301F-11D3-BF4B-00C04F79EFBC}") = "ConvertSRTto3DASS", "ConvertSRTto3DASS\ConvertSRTto3DASS.csproj", "{7D7925DE-ADBD-4A26-B12B-8F12B68D3BFE}"
EndProject
Global
	GlobalSection(SolutionConfigurationPlatforms) = preSolution
		Debug|Any CPU = Debug|Any CPU
		Release|Any CPU = Release|Any CPU
	EndGlobalSection
	GlobalSection(ProjectConfigurationPlatforms) = postSolution
		{7D7925DE-ADBD-4A26-B12B-8F12B68D3BFE}.Debug|Any CPU.ActiveCfg = Debug|Any CPU
		{7D7925DE-ADBD-4A26-B12B-8F12B68D3BFE}.Debug|Any CPU.Build.0 = Debug|Any CPU
		{7D7925DE-ADBD-4A26-B12B-8F12B68D3BFE}.Release|Any CPU.ActiveCfg = Release|Any CPU
		{7D7925DE-ADBD-4A26-B12B-8F12B68D3BFE}.Release|Any CPU.Build.0 = Release|Any CPU
	EndGlobalSection
	GlobalSection(SolutionProperties) = preSolution
		HideSolutionNode = FALSE
	EndGlobalSection
	GlobalSection(ExtensibilityGlobals) = postSolution
		SolutionGuid = {B5E10CFB-7432-4C4B-80FB-1B9349811932}
	EndGlobalSection
EndGlobal
